// !$*UTF8*$!
{
	archiveVersion = 1;
	classes = {
	};
	objectVersion = 48;
	objects = {

/* Begin PBXBuildFile section */
		113E69641F96297F00BE3A69 /* AppDetail.swift in Sources */ = {isa = PBXBuildFile; fileRef = 113E69631F96297F00BE3A69 /* AppDetail.swift */; };
		113E69661F962A1100BE3A69 /* AppDetailHeaderTableViewCell.swift in Sources */ = {isa = PBXBuildFile; fileRef = 113E69651F962A1100BE3A69 /* AppDetailHeaderTableViewCell.swift */; };
		113E69681F9630C400BE3A69 /* AppDetailScreenshotTableViewCell.swift in Sources */ = {isa = PBXBuildFile; fileRef = 113E69671F9630C400BE3A69 /* AppDetailScreenshotTableViewCell.swift */; };
		113E696A1F9630F300BE3A69 /* BaseAppDetailTableViewCell.swift in Sources */ = {isa = PBXBuildFile; fileRef = 113E69691F9630F300BE3A69 /* BaseAppDetailTableViewCell.swift */; };
		113E696C1F9638A400BE3A69 /* AppDetailDescriptionTableViewCell.swift in Sources */ = {isa = PBXBuildFile; fileRef = 113E696B1F9638A400BE3A69 /* AppDetailDescriptionTableViewCell.swift */; };
		113EEB151F975539006FDDC6 /* BaseViewController.swift in Sources */ = {isa = PBXBuildFile; fileRef = 113EEB141F975539006FDDC6 /* BaseViewController.swift */; };
		113EEB181F9755C3006FDDC6 /* Localizable.strings in Resources */ = {isa = PBXBuildFile; fileRef = 113EEB1A1F9755C3006FDDC6 /* Localizable.strings */; };
		113EEB1C1F975619006FDDC6 /* String+Extension.swift in Sources */ = {isa = PBXBuildFile; fileRef = 113EEB1B1F975619006FDDC6 /* String+Extension.swift */; };
		1146553B1F94D00200E16628 /* UIColor+Colors.swift in Sources */ = {isa = PBXBuildFile; fileRef = 1146553A1F94CFFA00E16628 /* UIColor+Colors.swift */; };
		1146553D1F94D00B00E16628 /* UIImageView+Extension.swift in Sources */ = {isa = PBXBuildFile; fileRef = 1146553C1F94D00B00E16628 /* UIImageView+Extension.swift */; };
		11CEBD271F938A9C00BCD247 /* AppDelegate.swift in Sources */ = {isa = PBXBuildFile; fileRef = 11CEBD261F938A9C00BCD247 /* AppDelegate.swift */; };
		11CEBD291F938A9C00BCD247 /* AppListViewController.swift in Sources */ = {isa = PBXBuildFile; fileRef = 11CEBD281F938A9C00BCD247 /* AppListViewController.swift */; };
		11CEBD2C1F938A9C00BCD247 /* Main.storyboard in Resources */ = {isa = PBXBuildFile; fileRef = 11CEBD2A1F938A9C00BCD247 /* Main.storyboard */; };
		11CEBD2E1F938A9C00BCD247 /* Assets.xcassets in Resources */ = {isa = PBXBuildFile; fileRef = 11CEBD2D1F938A9C00BCD247 /* Assets.xcassets */; };
		11CEBD311F938A9C00BCD247 /* LaunchScreen.storyboard in Resources */ = {isa = PBXBuildFile; fileRef = 11CEBD2F1F938A9C00BCD247 /* LaunchScreen.storyboard */; };
		11CEBD3A1F938AFF00BCD247 /* ConnectionManager.swift in Sources */ = {isa = PBXBuildFile; fileRef = 11CEBD391F938AFF00BCD247 /* ConnectionManager.swift */; };
		11FEA57A1F949DD70010FF50 /* AppDetailViewController.swift in Sources */ = {isa = PBXBuildFile; fileRef = 11FEA5791F949DD70010FF50 /* AppDetailViewController.swift */; };
		11FEA5831F949E660010FF50 /* App.swift in Sources */ = {isa = PBXBuildFile; fileRef = 11FEA5821F949E660010FF50 /* App.swift */; };
		11FEA5871F949EC50010FF50 /* AppListTableViewCell.swift in Sources */ = {isa = PBXBuildFile; fileRef = 11FEA5861F949EA60010FF50 /* AppListTableViewCell.swift */; };
/* End PBXBuildFile section */

/* Begin PBXFileReference section */
		113E69631F96297F00BE3A69 /* AppDetail.swift */ = {isa = PBXFileReference; lastKnownFileType = sourcecode.swift; path = AppDetail.swift; sourceTree = "<group>"; };
		113E69651F962A1100BE3A69 /* AppDetailHeaderTableViewCell.swift */ = {isa = PBXFileReference; lastKnownFileType = sourcecode.swift; path = AppDetailHeaderTableViewCell.swift; sourceTree = "<group>"; };
		113E69671F9630C400BE3A69 /* AppDetailScreenshotTableViewCell.swift */ = {isa = PBXFileReference; lastKnownFileType = sourcecode.swift; path = AppDetailScreenshotTableViewCell.swift; sourceTree = "<group>"; };
		113E69691F9630F300BE3A69 /* BaseAppDetailTableViewCell.swift */ = {isa = PBXFileReference; lastKnownFileType = sourcecode.swift; path = BaseAppDetailTableViewCell.swift; sourceTree = "<group>"; };
		113E696B1F9638A400BE3A69 /* AppDetailDescriptionTableViewCell.swift */ = {isa = PBXFileReference; lastKnownFileType = sourcecode.swift; path = AppDetailDescriptionTableViewCell.swift; sourceTree = "<group>"; };
		113EEB141F975539006FDDC6 /* BaseViewController.swift */ = {isa = PBXFileReference; lastKnownFileType = sourcecode.swift; path = BaseViewController.swift; sourceTree = "<group>"; };
		113EEB191F9755C3006FDDC6 /* en */ = {isa = PBXFileReference; lastKnownFileType = text.plist.strings; name = en; path = en.lproj/Localizable.strings; sourceTree = "<group>"; };
		113EEB1B1F975619006FDDC6 /* String+Extension.swift */ = {isa = PBXFileReference; lastKnownFileType = sourcecode.swift; path = "String+Extension.swift"; sourceTree = "<group>"; };
		1146553A1F94CFFA00E16628 /* UIColor+Colors.swift */ = {isa = PBXFileReference; lastKnownFileType = sourcecode.swift; path = "UIColor+Colors.swift"; sourceTree = "<group>"; };
		1146553C1F94D00B00E16628 /* UIImageView+Extension.swift */ = {isa = PBXFileReference; lastKnownFileType = sourcecode.swift; path = "UIImageView+Extension.swift"; sourceTree = "<group>"; };
		11CEBD231F938A9C00BCD247 /* ItunesAPI.app */ = {isa = PBXFileReference; explicitFileType = wrapper.application; includeInIndex = 0; path = ItunesAPI.app; sourceTree = BUILT_PRODUCTS_DIR; };
		11CEBD261F938A9C00BCD247 /* AppDelegate.swift */ = {isa = PBXFileReference; lastKnownFileType = sourcecode.swift; path = AppDelegate.swift; sourceTree = "<group>"; };
		11CEBD281F938A9C00BCD247 /* AppListViewController.swift */ = {isa = PBXFileReference; lastKnownFileType = sourcecode.swift; path = AppListViewController.swift; sourceTree = "<group>"; };
		11CEBD2B1F938A9C00BCD247 /* Base */ = {isa = PBXFileReference; lastKnownFileType = file.storyboard; name = Base; path = Base.lproj/Main.storyboard; sourceTree = "<group>"; };
		11CEBD2D1F938A9C00BCD247 /* Assets.xcassets */ = {isa = PBXFileReference; lastKnownFileType = folder.assetcatalog; path = Assets.xcassets; sourceTree = "<group>"; };
		11CEBD301F938A9C00BCD247 /* Base */ = {isa = PBXFileReference; lastKnownFileType = file.storyboard; name = Base; path = Base.lproj/LaunchScreen.storyboard; sourceTree = "<group>"; };
		11CEBD321F938A9C00BCD247 /* Info.plist */ = {isa = PBXFileReference; lastKnownFileType = text.plist.xml; path = Info.plist; sourceTree = "<group>"; };
		11CEBD391F938AFF00BCD247 /* ConnectionManager.swift */ = {isa = PBXFileReference; lastKnownFileType = sourcecode.swift; path = ConnectionManager.swift; sourceTree = "<group>"; };
		11FEA5791F949DD70010FF50 /* AppDetailViewController.swift */ = {isa = PBXFileReference; lastKnownFileType = sourcecode.swift; path = AppDetailViewController.swift; sourceTree = "<group>"; };
		11FEA5821F949E660010FF50 /* App.swift */ = {isa = PBXFileReference; lastKnownFileType = sourcecode.swift; path = App.swift; sourceTree = "<group>"; };
		11FEA5861F949EA60010FF50 /* AppListTableViewCell.swift */ = {isa = PBXFileReference; lastKnownFileType = sourcecode.swift; path = AppListTableViewCell.swift; sourceTree = "<group>"; };
/* End PBXFileReference section */

/* Begin PBXFrameworksBuildPhase section */
		11CEBD201F938A9C00BCD247 /* Frameworks */ = {
			isa = PBXFrameworksBuildPhase;
			buildActionMask = 2147483647;
			files = (
			);
			runOnlyForDeploymentPostprocessing = 0;
		};
/* End PBXFrameworksBuildPhase section */

/* Begin PBXGroup section */
		114655391F94CFFA00E16628 /* Extension */ = {
			isa = PBXGroup;
			children = (
				1146553A1F94CFFA00E16628 /* UIColor+Colors.swift */,
				1146553C1F94D00B00E16628 /* UIImageView+Extension.swift */,
				113EEB1B1F975619006FDDC6 /* String+Extension.swift */,
			);
			path = Extension;
			sourceTree = "<group>";
		};
		11CEBD1A1F938A9C00BCD247 = {
			isa = PBXGroup;
			children = (
				11CEBD251F938A9C00BCD247 /* ItunesAPI */,
				11CEBD241F938A9C00BCD247 /* Products */,
			);
			sourceTree = "<group>";
		};
		11CEBD241F938A9C00BCD247 /* Products */ = {
			isa = PBXGroup;
			children = (
				11CEBD231F938A9C00BCD247 /* ItunesAPI.app */,
			);
			name = Products;
			sourceTree = "<group>";
		};
		11CEBD251F938A9C00BCD247 /* ItunesAPI */ = {
			isa = PBXGroup;
			children = (
				11CEBD261F938A9C00BCD247 /* AppDelegate.swift */,
				11CEBD321F938A9C00BCD247 /* Info.plist */,
				11CEBD381F938AE100BCD247 /* Module */,
				11FEA5781F949DC50010FF50 /* ViewController */,
				11FEA57B1F949DE40010FF50 /* Resource */,
				114655391F94CFFA00E16628 /* Extension */,
				11FEA5841F949E6E0010FF50 /* Model */,
			);
			path = ItunesAPI;
			sourceTree = "<group>";
		};
		11CEBD381F938AE100BCD247 /* Module */ = {
			isa = PBXGroup;
			children = (
				11CEBD391F938AFF00BCD247 /* ConnectionManager.swift */,
			);
			path = Module;
			sourceTree = "<group>";
		};
		11FEA5781F949DC50010FF50 /* ViewController */ = {
			isa = PBXGroup;
			children = (
				11FEA5851F949EA60010FF50 /* View */,
				11CEBD281F938A9C00BCD247 /* AppListViewController.swift */,
				11FEA5791F949DD70010FF50 /* AppDetailViewController.swift */,
				113EEB141F975539006FDDC6 /* BaseViewController.swift */,
			);
			path = ViewController;
			sourceTree = "<group>";
		};
		11FEA57B1F949DE40010FF50 /* Resource */ = {
			isa = PBXGroup;
			children = (
				11CEBD2A1F938A9C00BCD247 /* Main.storyboard */,
				11CEBD2D1F938A9C00BCD247 /* Assets.xcassets */,
				11CEBD2F1F938A9C00BCD247 /* LaunchScreen.storyboard */,
				113EEB1A1F9755C3006FDDC6 /* Localizable.strings */,
			);
			path = Resource;
			sourceTree = "<group>";
		};
		11FEA5841F949E6E0010FF50 /* Model */ = {
			isa = PBXGroup;
			children = (
				11FEA5821F949E660010FF50 /* App.swift */,
				113E69631F96297F00BE3A69 /* AppDetail.swift */,
			);
			path = Model;
			sourceTree = "<group>";
		};
		11FEA5851F949EA60010FF50 /* View */ = {
			isa = PBXGroup;
			children = (
				11FEA5861F949EA60010FF50 /* AppListTableViewCell.swift */,
				113E69691F9630F300BE3A69 /* BaseAppDetailTableViewCell.swift */,
				113E69651F962A1100BE3A69 /* AppDetailHeaderTableViewCell.swift */,
				113E69671F9630C400BE3A69 /* AppDetailScreenshotTableViewCell.swift */,
				113E696B1F9638A400BE3A69 /* AppDetailDescriptionTableViewCell.swift */,
			);
			path = View;
			sourceTree = "<group>";
		};
/* End PBXGroup section */

/* Begin PBXNativeTarget section */
		11CEBD221F938A9C00BCD247 /* ItunesAPI */ = {
			isa = PBXNativeTarget;
			buildConfigurationList = 11CEBD351F938A9C00BCD247 /* Build configuration list for PBXNativeTarget "ItunesAPI" */;
			buildPhases = (
				11CEBD1F1F938A9C00BCD247 /* Sources */,
				11CEBD201F938A9C00BCD247 /* Frameworks */,
				11CEBD211F938A9C00BCD247 /* Resources */,
			);
			buildRules = (
			);
			dependencies = (
			);
			name = ItunesAPI;
			productName = ItunesAPI;
			productReference = 11CEBD231F938A9C00BCD247 /* ItunesAPI.app */;
			productType = "com.apple.product-type.application";
		};
/* End PBXNativeTarget section */

/* Begin PBXProject section */
		11CEBD1B1F938A9C00BCD247 /* Project object */ = {
			isa = PBXProject;
			attributes = {
				LastSwiftUpdateCheck = 0900;
				LastUpgradeCheck = 0900;
				ORGANIZATIONNAME = KakaoBank;
				TargetAttributes = {
					11CEBD221F938A9C00BCD247 = {
						CreatedOnToolsVersion = 9.0;
						ProvisioningStyle = Automatic;
					};
				};
			};
			buildConfigurationList = 11CEBD1E1F938A9C00BCD247 /* Build configuration list for PBXProject "ItunesAPI" */;
			compatibilityVersion = "Xcode 8.0";
			developmentRegion = en;
			hasScannedForEncodings = 0;
			knownRegions = (
				en,
				Base,
			);
			mainGroup = 11CEBD1A1F938A9C00BCD247;
			productRefGroup = 11CEBD241F938A9C00BCD247 /* Products */;
			projectDirPath = "";
			projectRoot = "";
			targets = (
				11CEBD221F938A9C00BCD247 /* ItunesAPI */,
			);
		};
/* End PBXProject section */

/* Begin PBXResourcesBuildPhase section */
		11CEBD211F938A9C00BCD247 /* Resources */ = {
			isa = PBXResourcesBuildPhase;
			buildActionMask = 2147483647;
			files = (
				11CEBD311F938A9C00BCD247 /* LaunchScreen.storyboard in Resources */,
				113EEB181F9755C3006FDDC6 /* Localizable.strings in Resources */,
				11CEBD2E1F938A9C00BCD247 /* Assets.xcassets in Resources */,
				11CEBD2C1F938A9C00BCD247 /* Main.storyboard in Resources */,
			);
			runOnlyForDeploymentPostprocessing = 0;
		};
/* End PBXResourcesBuildPhase section */

/* Begin PBXSourcesBuildPhase section */
		11CEBD1F1F938A9C00BCD247 /* Sources */ = {
			isa = PBXSourcesBuildPhase;
			buildActionMask = 2147483647;
			files = (
				113E69641F96297F00BE3A69 /* AppDetail.swift in Sources */,
				113E69661F962A1100BE3A69 /* AppDetailHeaderTableViewCell.swift in Sources */,
				11CEBD291F938A9C00BCD247 /* AppListViewController.swift in Sources */,
				11FEA5871F949EC50010FF50 /* AppListTableViewCell.swift in Sources */,
				113E696A1F9630F300BE3A69 /* BaseAppDetailTableViewCell.swift in Sources */,
				113EEB151F975539006FDDC6 /* BaseViewController.swift in Sources */,
				11FEA57A1F949DD70010FF50 /* AppDetailViewController.swift in Sources */,
				1146553D1F94D00B00E16628 /* UIImageView+Extension.swift in Sources */,
				113E69681F9630C400BE3A69 /* AppDetailScreenshotTableViewCell.swift in Sources */,
				1146553B1F94D00200E16628 /* UIColor+Colors.swift in Sources */,
				11CEBD3A1F938AFF00BCD247 /* ConnectionManager.swift in Sources */,
				11FEA5831F949E660010FF50 /* App.swift in Sources */,
				113E696C1F9638A400BE3A69 /* AppDetailDescriptionTableViewCell.swift in Sources */,
				113EEB1C1F975619006FDDC6 /* String+Extension.swift in Sources */,
				11CEBD271F938A9C00BCD247 /* AppDelegate.swift in Sources */,
			);
			runOnlyForDeploymentPostprocessing = 0;
		};
/* End PBXSourcesBuildPhase section */

/* Begin PBXVariantGroup section */
		113EEB1A1F9755C3006FDDC6 /* Localizable.strings */ = {
			isa = PBXVariantGroup;
			children = (
				113EEB191F9755C3006FDDC6 /* en */,
			);
			name = Localizable.strings;
			sourceTree = "<group>";
		};
		11CEBD2A1F938A9C00BCD247 /* Main.storyboard */ = {
			isa = PBXVariantGroup;
			children = (
				11CEBD2B1F938A9C00BCD247 /* Base */,
			);
			name = Main.storyboard;
			sourceTree = "<group>";
		};
		11CEBD2F1F938A9C00BCD247 /* LaunchScreen.storyboard */ = {
			isa = PBXVariantGroup;
			children = (
				11CEBD301F938A9C00BCD247 /* Base */,
			);
			name = LaunchScreen.storyboard;
			sourceTree = "<group>";
		};
/* End PBXVariantGroup section */

/* Begin XCBuildConfiguration section */
		11CEBD331F938A9C00BCD247 /* Debug */ = {
			isa = XCBuildConfiguration;
			buildSettings = {
				ALWAYS_SEARCH_USER_PATHS = NO;
				CLANG_ANALYZER_NONNULL = YES;
				CLANG_ANALYZER_NUMBER_OBJECT_CONVERSION = YES_AGGRESSIVE;
				CLANG_CXX_LANGUAGE_STANDARD = "gnu++14";
				CLANG_CXX_LIBRARY = "libc++";
				CLANG_ENABLE_MODULES = YES;
				CLANG_ENABLE_OBJC_ARC = YES;
				CLANG_WARN_BLOCK_CAPTURE_AUTORELEASING = YES;
				CLANG_WARN_BOOL_CONVERSION = YES;
				CLANG_WARN_COMMA = YES;
				CLANG_WARN_CONSTANT_CONVERSION = YES;
				CLANG_WARN_DIRECT_OBJC_ISA_USAGE = YES_ERROR;
				CLANG_WARN_DOCUMENTATION_COMMENTS = YES;
				CLANG_WARN_EMPTY_BODY = YES;
				CLANG_WARN_ENUM_CONVERSION = YES;
				CLANG_WARN_INFINITE_RECURSION = YES;
				CLANG_WARN_INT_CONVERSION = YES;
				CLANG_WARN_NON_LITERAL_NULL_CONVERSION = YES;
				CLANG_WARN_OBJC_LITERAL_CONVERSION = YES;
				CLANG_WARN_OBJC_ROOT_CLASS = YES_ERROR;
				CLANG_WARN_RANGE_LOOP_ANALYSIS = YES;
				CLANG_WARN_STRICT_PROTOTYPES = YES;
				CLANG_WARN_SUSPICIOUS_MOVE = YES;
				CLANG_WARN_UNGUARDED_AVAILABILITY = YES_AGGRESSIVE;
				CLANG_WARN_UNREACHABLE_CODE = YES;
				CLANG_WARN__DUPLICATE_METHOD_MATCH = YES;
				CODE_SIGN_IDENTITY = "iPhone Developer";
				COPY_PHASE_STRIP = NO;
				DEBUG_INFORMATION_FORMAT = dwarf;
				ENABLE_STRICT_OBJC_MSGSEND = YES;
				ENABLE_TESTABILITY = YES;
				GCC_C_LANGUAGE_STANDARD = gnu11;
				GCC_DYNAMIC_NO_PIC = NO;
				GCC_NO_COMMON_BLOCKS = YES;
				GCC_OPTIMIZATION_LEVEL = 0;
				GCC_PREPROCESSOR_DEFINITIONS = (
					"DEBUG=1",
					"$(inherited)",
				);
				GCC_WARN_64_TO_32_BIT_CONVERSION = YES;
				GCC_WARN_ABOUT_RETURN_TYPE = YES_ERROR;
				GCC_WARN_UNDECLARED_SELECTOR = YES;
				GCC_WARN_UNINITIALIZED_AUTOS = YES_AGGRESSIVE;
				GCC_WARN_UNUSED_FUNCTION = YES;
				GCC_WARN_UNUSED_VARIABLE = YES;
				IPHONEOS_DEPLOYMENT_TARGET = 11.0;
				MTL_ENABLE_DEBUG_INFO = YES;
				ONLY_ACTIVE_ARCH = YES;
				SDKROOT = iphoneos;
				SWIFT_ACTIVE_COMPILATION_CONDITIONS = DEBUG;
				SWIFT_OPTIMIZATION_LEVEL = "-Onone";
			};
			name = Debug;
		};
		11CEBD341F938A9C00BCD247 /* Release */ = {
			isa = XCBuildConfiguration;
			buildSettings = {
				ALWAYS_SEARCH_USER_PATHS = NO;
				CLANG_ANALYZER_NONNULL = YES;
				CLANG_ANALYZER_NUMBER_OBJECT_CONVERSION = YES_AGGRESSIVE;
				CLANG_CXX_LANGUAGE_STANDARD = "gnu++14";
				CLANG_CXX_LIBRARY = "libc++";
				CLANG_ENABLE_MODULES = YES;
				CLANG_ENABLE_OBJC_ARC = YES;
				CLANG_WARN_BLOCK_CAPTURE_AUTORELEASING = YES;
				CLANG_WARN_BOOL_CONVERSION = YES;
				CLANG_WARN_COMMA = YES;
				CLANG_WARN_CONSTANT_CONVERSION = YES;
				CLANG_WARN_DIRECT_OBJC_ISA_USAGE = YES_ERROR;
				CLANG_WARN_DOCUMENTATION_COMMENTS = YES;
				CLANG_WARN_EMPTY_BODY = YES;
				CLANG_WARN_ENUM_CONVERSION = YES;
				CLANG_WARN_INFINITE_RECURSION = YES;
				CLANG_WARN_INT_CONVERSION = YES;
				CLANG_WARN_NON_LITERAL_NULL_CONVERSION = YES;
				CLANG_WARN_OBJC_LITERAL_CONVERSION = YES;
				CLANG_WARN_OBJC_ROOT_CLASS = YES_ERROR;
				CLANG_WARN_RANGE_LOOP_ANALYSIS = YES;
				CLANG_WARN_STRICT_PROTOTYPES = YES;
				CLANG_WARN_SUSPICIOUS_MOVE = YES;
				CLANG_WARN_UNGUARDED_AVAILABILITY = YES_AGGRESSIVE;
				CLANG_WARN_UNREACHABLE_CODE = YES;
				CLANG_WARN__DUPLICATE_METHOD_MATCH = YES;
				CODE_SIGN_IDENTITY = "iPhone Developer";
				COPY_PHASE_STRIP = NO;
				DEBUG_INFORMATION_FORMAT = "dwarf-with-dsym";
				ENABLE_NS_ASSERTIONS = NO;
				ENABLE_STRICT_OBJC_MSGSEND = YES;
				GCC_C_LANGUAGE_STANDARD = gnu11;
				GCC_NO_COMMON_BLOCKS = YES;
				GCC_WARN_64_TO_32_BIT_CONVERSION = YES;
				GCC_WARN_ABOUT_RETURN_TYPE = YES_ERROR;
				GCC_WARN_UNDECLARED_SELECTOR = YES;
				GCC_WARN_UNINITIALIZED_AUTOS = YES_AGGRESSIVE;
				GCC_WARN_UNUSED_FUNCTION = YES;
				GCC_WARN_UNUSED_VARIABLE = YES;
				IPHONEOS_DEPLOYMENT_TARGET = 11.0;
				MTL_ENABLE_DEBUG_INFO = NO;
				SDKROOT = iphoneos;
				SWIFT_OPTIMIZATION_LEVEL = "-Owholemodule";
				VALIDATE_PRODUCT = YES;
			};
			name = Release;
		};
		11CEBD361F938A9C00BCD247 /* Debug */ = {
			isa = XCBuildConfiguration;
			buildSettings = {
				ASSETCATALOG_COMPILER_APPICON_NAME = AppIcon;
				CODE_SIGN_STYLE = Automatic;
				INFOPLIST_FILE = ItunesAPI/Info.plist;
				IPHONEOS_DEPLOYMENT_TARGET = 10.0;
				LD_RUNPATH_SEARCH_PATHS = "$(inherited) @executable_path/Frameworks";
				PRODUCT_BUNDLE_IDENTIFIER = com.kakaobank.ItunesAPI;
				PRODUCT_NAME = "$(TARGET_NAME)";
				SWIFT_VERSION = 4.0;
				TARGETED_DEVICE_FAMILY = "1,2";
			};
			name = Debug;
		};
		11CEBD371F938A9C00BCD247 /* Release */ = {
			isa = XCBuildConfiguration;
			buildSettings = {
				ASSETCATALOG_COMPILER_APPICON_NAME = AppIcon;
				CODE_SIGN_STYLE = Automatic;
				INFOPLIST_FILE = ItunesAPI/Info.plist;
				IPHONEOS_DEPLOYMENT_TARGET = 10.0;
				LD_RUNPATH_SEARCH_PATHS = "$(inherited) @executable_path/Frameworks";
				PRODUCT_BUNDLE_IDENTIFIER = com.kakaobank.ItunesAPI;
				PRODUCT_NAME = "$(TARGET_NAME)";
				SWIFT_VERSION = 4.0;
				TARGETED_DEVICE_FAMILY = "1,2";
			};
			name = Release;
		};
/* End XCBuildConfiguration section */

/* Begin XCConfigurationList section */
		11CEBD1E1F938A9C00BCD247 /* Build configuration list for PBXProject "ItunesAPI" */ = {
			isa = XCConfigurationList;
			buildConfigurations = (
				11CEBD331F938A9C00BCD247 /* Debug */,
				11CEBD341F938A9C00BCD247 /* Release */,
			);
			defaultConfigurationIsVisible = 0;
			defaultConfigurationName = Release;
		};
		11CEBD351F938A9C00BCD247 /* Build configuration list for PBXNativeTarget "ItunesAPI" */ = {
			isa = XCConfigurationList;
			buildConfigurations = (
				11CEBD361F938A9C00BCD247 /* Debug */,
				11CEBD371F938A9C00BCD247 /* Release */,
			);
			defaultConfigurationIsVisible = 0;
			defaultConfigurationName = Release;
		};
/* End XCConfigurationList section */
	};
	rootObject = 11CEBD1B1F938A9C00BCD247 /* Project object */;
}
